
Microsoft Visual Studio Solution File, Format Version 12.00
# Visual Studio Version 16
VisualStudioVersion = 16.0.31702.278
MinimumVisualStudioVersion = 10.0.40219.1
Project("{8BC9CEB8-8B4A-11D0-8D11-00A0C91BC942}") = "OP_lab1", "OP lab 1\OP_lab1\OP_lab1\OP_lab1.vcxproj", "{94C8DD21-42B9-4F37-B53D-C982BEB208F5}"
EndProject
Project("{888888A0-9F3D-457C-B088-3A5042F75D52}") = "OP_lab1 python", "OP_lab1 python\OP_lab1 python\OP_lab1 python.pyproj", "{DBE1CCBD-1265-4B09-AA62-B0716D5D4684}"
EndProject
Global
	GlobalSection(SolutionConfigurationPlatforms) = preSolution
		Debug|Any CPU = Debug|Any CPU
		Debug|x64 = Debug|x64
		Debug|x86 = Debug|x86
		Release|Any CPU = Release|Any CPU
		Release|x64 = Release|x64
		Release|x86 = Release|x86
	EndGlobalSection
	GlobalSection(ProjectConfigurationPlatforms) = postSolution
		{94C8DD21-42B9-4F37-B53D-C982BEB208F5}.Debug|Any CPU.ActiveCfg = Debug|Win32
		{94C8DD21-42B9-4F37-B53D-C982BEB208F5}.Debug|x64.ActiveCfg = Debug|x64
		{94C8DD21-42B9-4F37-B53D-C982BEB208F5}.Debug|x64.Build.0 = Debug|x64
		{94C8DD21-42B9-4F37-B53D-C982BEB208F5}.Debug|x86.ActiveCfg = Debug|Win32
		{94C8DD21-42B9-4F37-B53D-C982BEB208F5}.Debug|x86.Build.0 = Debug|Win32
		{94C8DD21-42B9-4F37-B53D-C982BEB208F5}.Release|Any CPU.ActiveCfg = Release|Win32
		{94C8DD21-42B9-4F37-B53D-C982BEB208F5}.Release|x64.ActiveCfg = Release|x64
		{94C8DD21-42B9-4F37-B53D-C982BEB208F5}.Release|x64.Build.0 = Release|x64
		{94C8DD21-42B9-4F37-B53D-C982BEB208F5}.Release|x86.ActiveCfg = Release|Win32
		{94C8DD21-42B9-4F37-B53D-C982BEB208F5}.Release|x86.Build.0 = Release|Win32
		{DBE1CCBD-1265-4B09-AA62-B0716D5D4684}.Debug|Any CPU.ActiveCfg = Debug|Any CPU
		{DBE1CCBD-1265-4B09-AA62-B0716D5D4684}.Debug|x64.ActiveCfg = Debug|Any CPU
		{DBE1CCBD-1265-4B09-AA62-B0716D5D4684}.Debug|x86.ActiveCfg = Debug|Any CPU
		{DBE1CCBD-1265-4B09-AA62-B0716D5D4684}.Release|Any CPU.ActiveCfg = Release|Any CPU
		{DBE1CCBD-1265-4B09-AA62-B0716D5D4684}.Release|x64.ActiveCfg = Release|Any CPU
		{DBE1CCBD-1265-4B09-AA62-B0716D5D4684}.Release|x86.ActiveCfg = Release|Any CPU
	EndGlobalSection
	GlobalSection(SolutionProperties) = preSolution
		HideSolutionNode = FALSE
	EndGlobalSection
	GlobalSection(ExtensibilityGlobals) = postSolution
		SolutionGuid = {16583D95-C141-4376-87B1-CDF5EA77DCD9}
	EndGlobalSection
EndGlobal
